
Microsoft Visual Studio Solution File, Format Version 10.00
# Visual Studio 2008
Project("{FAE04EC0-301F-11D3-BF4B-00C04F79EFBC}") = "PMS", "PMS\PMS.csproj", "{DD828130-E4B7-404F-8F2B-56D1AF2BBC48}"
EndProject
Project("{FAE04EC0-301F-11D3-BF4B-00C04F79EFBC}") = "PMS.Data.Pgsql", "PMS.Data.Pgsql\PMS.Data.Pgsql.csproj", "{F1CCF9A9-FFA0-46DE-872C-47E0D94C703F}"
EndProject
Project("{FAE04EC0-301F-11D3-BF4B-00C04F79EFBC}") = "PMS.Data.Sqlite", "PMS.Data.Sqlite\PMS.Data.Sqlite.csproj", "{F54C1626-3F99-4232-A4E5-000402772325}"
EndProject
Project("{FAE04EC0-301F-11D3-BF4B-00C04F79EFBC}") = "PMS.Data.MSSQL", "PMS.Data.MSSQL\PMS.Data.MSSQL.csproj", "{F54C1626-3F99-4232-A4E5-000402772025}"
EndProject
Project("{FAE04EC0-301F-11D3-BF4B-00C04F79EFBC}") = "PMS.Tester", "PMS.Tester\PMS.Tester.csproj", "{23974264-36F8-4ED1-A396-AD35D44DFCD6}"
	ProjectSection(ProjectDependencies) = postProject
		{F54C1626-3F99-4232-A4E5-000402772025} = {F54C1626-3F99-4232-A4E5-000402772025}
	EndProjectSection
EndProject
Global
	GlobalSection(SolutionConfigurationPlatforms) = preSolution
		Debug|Any CPU = Debug|Any CPU
		Release|Any CPU = Release|Any CPU
	EndGlobalSection
	GlobalSection(ProjectConfigurationPlatforms) = postSolution
		{DD828130-E4B7-404F-8F2B-56D1AF2BBC48}.Debug|Any CPU.ActiveCfg = Debug|Any CPU
		{DD828130-E4B7-404F-8F2B-56D1AF2BBC48}.Debug|Any CPU.Build.0 = Debug|Any CPU
		{DD828130-E4B7-404F-8F2B-56D1AF2BBC48}.Release|Any CPU.ActiveCfg = Release|Any CPU
		{DD828130-E4B7-404F-8F2B-56D1AF2BBC48}.Release|Any CPU.Build.0 = Release|Any CPU
		{F1CCF9A9-FFA0-46DE-872C-47E0D94C703F}.Debug|Any CPU.ActiveCfg = Debug|Any CPU
		{F1CCF9A9-FFA0-46DE-872C-47E0D94C703F}.Debug|Any CPU.Build.0 = Debug|Any CPU
		{F1CCF9A9-FFA0-46DE-872C-47E0D94C703F}.Release|Any CPU.ActiveCfg = Release|Any CPU
		{F1CCF9A9-FFA0-46DE-872C-47E0D94C703F}.Release|Any CPU.Build.0 = Release|Any CPU
		{F54C1626-3F99-4232-A4E5-000402772325}.Debug|Any CPU.ActiveCfg = Debug|Any CPU
		{F54C1626-3F99-4232-A4E5-000402772325}.Debug|Any CPU.Build.0 = Debug|Any CPU
		{F54C1626-3F99-4232-A4E5-000402772325}.Release|Any CPU.ActiveCfg = Release|Any CPU
		{F54C1626-3F99-4232-A4E5-000402772325}.Release|Any CPU.Build.0 = Release|Any CPU
		{F54C1626-3F99-4232-A4E5-000402772025}.Debug|Any CPU.ActiveCfg = Debug|Any CPU
		{F54C1626-3F99-4232-A4E5-000402772025}.Debug|Any CPU.Build.0 = Debug|Any CPU
		{F54C1626-3F99-4232-A4E5-000402772025}.Release|Any CPU.ActiveCfg = Release|Any CPU
		{F54C1626-3F99-4232-A4E5-000402772025}.Release|Any CPU.Build.0 = Release|Any CPU
		{23974264-36F8-4ED1-A396-AD35D44DFCD6}.Debug|Any CPU.ActiveCfg = Debug|Any CPU
		{23974264-36F8-4ED1-A396-AD35D44DFCD6}.Debug|Any CPU.Build.0 = Debug|Any CPU
		{23974264-36F8-4ED1-A396-AD35D44DFCD6}.Release|Any CPU.ActiveCfg = Release|Any CPU
		{23974264-36F8-4ED1-A396-AD35D44DFCD6}.Release|Any CPU.Build.0 = Release|Any CPU
	EndGlobalSection
	GlobalSection(SolutionProperties) = preSolution
		HideSolutionNode = FALSE
	EndGlobalSection
EndGlobal
